<?xml version="1.0" encoding="UTF-8" standalone="yes" ?>
<CodeBlocks_project_file>
	<FileVersion major="1" minor="6" />
	<Project>
		<Option title="ICT289 Project" />
		<Option pch_mode="2" />
		<Option compiler="gcc" />
		<Build>
			<Target title="Debug">
				<Option output="bin/Debug/ICT289 Project" prefix_auto="1" extension_auto="1" />
				<Option object_output="obj/Debug/" />
				<Option type="1" />
				<Option compiler="gcc" />
				<Compiler>
					<Add option="-g" />
				</Compiler>
			</Target>
			<Target title="Release">
				<Option output="bin/Release/ICT289 Project" prefix_auto="1" extension_auto="1" />
				<Option object_output="obj/Release/" />
				<Option type="1" />
				<Option compiler="gcc" />
				<Compiler>
					<Add option="-O2" />
				</Compiler>
				<Linker>
					<Add option="-s" />
				</Linker>
			</Target>
		</Build>
		<Compiler>
			<Add option="-Wall" />
			<Add option="-std=c99" />
		</Compiler>
		<Unit filename="AABBCol.c">
			<Option compilerVar="CC" />
		</Unit>
		<Unit filename="AABBCol.h" />
		<Unit filename="SOIL.h" />
		<Unit filename="SOIL.o" />
		<Unit filename="dispText.c">
			<Option compilerVar="CC" />
		</Unit>
		<Unit filename="dispText.h" />
		<Unit filename="globalState.c">
			<Option compilerVar="CC" />
		</Unit>
		<Unit filename="globalState.h" />
		<Unit filename="image_DXT.o" />
		<Unit filename="image_helper.o" />
		<Unit filename="main.c">
			<Option compilerVar="CC" />
		</Unit>
		<Unit filename="math.h" />
		<Unit filename="objloader.c">
			<Option compilerVar="CC" />
		</Unit>
		<Unit filename="objloader.h" />
		<Unit filename="particles.c">
			<Option compilerVar="CC" />
		</Unit>
		<Unit filename="particles.h" />
		<Unit filename="stb_image_aug.o" />
		<Unit filename="uiControls.c">
			<Option compilerVar="CC" />
		</Unit>
		<Unit filename="uiControls.h" />
		<Unit filename="uiKeysHandler.c">
			<Option compilerVar="CC" />
		</Unit>
		<Unit filename="uiKeysHandler.h" />
		<Unit filename="uiMouseHandler.c">
			<Option compilerVar="CC" />
		</Unit>
		<Unit filename="uiMouseHandler.h" />
		<Unit filename="uiOptions.c">
			<Option compilerVar="CC" />
		</Unit>
		<Unit filename="uiOptions.h" />
		<Unit filename="uiQuit.c">
			<Option compilerVar="CC" />
		</Unit>
		<Unit filename="uiQuit.h" />
		<Unit filename="uiSettings.c">
			<Option compilerVar="CC" />
		</Unit>
		<Unit filename="uiSettings.h" />
		<Extensions>
			<code_completion />
			<envvars />
			<debugger />
			<lib_finder disable_auto="1" />
		</Extensions>
	</Project>
</CodeBlocks_project_file>
